<?xml version="1.0" encoding="utf-8"?>
<Project ToolsVersion="4.0" xmlns="http://schemas.microsoft.com/developer/msbuild/2003">
  <ItemGroup>
    <Filter Include="소스 파일">
      <UniqueIdentifier>{4FC737F1-C7A5-4376-A066-2A32D752A2FF}</UniqueIdentifier>
      <Extensions>cpp;c;cc;cxx;c++;cppm;ixx;def;odl;idl;hpj;bat;asm;asmx</Extensions>
    </Filter>
    <Filter Include="헤더 파일">
      <UniqueIdentifier>{93995380-89BD-4b04-88EB-625FBE52EBFB}</UniqueIdentifier>
      <Extensions>h;hh;hpp;hxx;h++;hm;inl;inc;ipp;xsd</Extensions>
    </Filter>
    <Filter Include="리소스 파일">
      <UniqueIdentifier>{67DA6AB6-F800-4c08-8B7A-83BB121AAD01}</UniqueIdentifier>
      <Extensions>rc;ico;cur;bmp;dlg;rc2;rct;bin;rgs;gif;jpg;jpeg;jpe;resx;tiff;tif;png;wav;mfcribbon-ms</Extensions>
    </Filter>
  </ItemGroup>
  <ItemGroup>
    <ClCompile Include="1Circle.c">
      <Filter>소스 파일</Filter>
    </ClCompile>
    <ClCompile Include="2introduce.c">
      <Filter>소스 파일</Filter>
    </ClCompile>
    <ClCompile Include="3sun.c">
      <Filter>소스 파일</Filter>
    </ClCompile>
    <ClCompile Include="4pyongclac.c">
      <Filter>소스 파일</Filter>
    </ClCompile>
    <ClCompile Include="5boxclac.c">
      <Filter>소스 파일</Filter>
    </ClCompile>
    <ClCompile Include="6BMIcalc.c">
      <Filter>소스 파일</Filter>
    </ClCompile>
    <ClCompile Include="7arithmetic.c">
      <Filter>소스 파일</Filter>
    </ClCompile>
    <ClCompile Include="8modulo.c">
      <Filter>소스 파일</Filter>
    </ClCompile>
    <ClCompile Include="9incdec.c">
      <Filter>소스 파일</Filter>
    </ClCompile>
    <ClCompile Include="10yunyearcalc.c">
      <Filter>소스 파일</Filter>
    </ClCompile>
    <ClCompile Include="11comparenum.c">
      <Filter>소스 파일</Filter>
    </ClCompile>
    <ClCompile Include="12bit_op.c">
      <Filter>소스 파일</Filter>
    </ClCompile>
    <ClCompile Include="13thrmuncom.c">
      <Filter>소스 파일</Filter>
    </ClCompile>
    <ClCompile Include="14tenonenum.c">
      <Filter>소스 파일</Filter>
    </ClCompile>
    <ClCompile Include="15Circlecalc.c">
      <Filter>소스 파일</Filter>
    </ClCompile>
    <ClCompile Include="16plusminu.c">
      <Filter>소스 파일</Filter>
    </ClCompile>
    <ClCompile Include="17sepchar.c">
      <Filter>소스 파일</Filter>
    </ClCompile>
    <ClCompile Include="18hakjum.c">
      <Filter>소스 파일</Filter>
    </ClCompile>
    <ClCompile Include="19nev.c">
      <Filter>소스 파일</Filter>
    </ClCompile>
    <ClCompile Include="20nplus.c">
      <Filter>소스 파일</Filter>
    </ClCompile>
    <ClCompile Include="21gugudan.c">
      <Filter>소스 파일</Filter>
    </ClCompile>
    <ClCompile Include="22gugudandowhile.c">
      <Filter>소스 파일</Filter>
    </ClCompile>
    <ClCompile Include="23.1to10plus.c">
      <Filter>소스 파일</Filter>
    </ClCompile>
    <ClCompile Include="24holggeak.c">
      <Filter>소스 파일</Filter>
    </ClCompile>
    <ClCompile Include="25conter.c">
      <Filter>소스 파일</Filter>
    </ClCompile>
    <ClCompile Include="26calc.c">
      <Filter>소스 파일</Filter>
    </ClCompile>
    <ClCompile Include="27holjulpm.c">
      <Filter>소스 파일</Filter>
    </ClCompile>
    <ClCompile Include="28coinflip.c">
      <Filter>소스 파일</Filter>
    </ClCompile>
    <ClCompile Include="29junyek.c">
      <Filter>소스 파일</Filter>
    </ClCompile>
    <ClCompile Include="30stac.c">
      <Filter>소스 파일</Filter>
    </ClCompile>
    <ClCompile Include="30-1connection.c">
      <Filter>소스 파일</Filter>
    </ClCompile>
    <ClCompile Include="30-2factorial.c">
      <Filter>소스 파일</Filter>
    </ClCompile>
    <ClCompile Include="31정적지역변수.c">
      <Filter>소스 파일</Filter>
    </ClCompile>
    <ClCompile Include="32전역변수.c">
      <Filter>소스 파일</Filter>
    </ClCompile>
    <ClCompile Include="33정적지역변수주사위.c">
      <Filter>소스 파일</Filter>
    </ClCompile>
    <ClCompile Include="34영화관예약.c">
      <Filter>소스 파일</Filter>
    </ClCompile>
    <ClCompile Include="35선택정렬.c">
      <Filter>소스 파일</Filter>
    </ClCompile>
    <ClCompile Include="36순차탐색.c">
      <Filter>소스 파일</Filter>
    </ClCompile>
    <ClCompile Include="37tictaktoe.c">
      <Filter>소스 파일</Filter>
    </ClCompile>
  </ItemGroup>
</Project>